// !$*UTF8*$!
{
	archiveVersion = 1;
	classes = {
	};
	objectVersion = 56;
	objects = {

/* Begin PBXBuildFile section */
		219B6DD72C43E27000D78148 /* WorkoutPlanView.swift in Sources */ = {isa = PBXBuildFile; fileRef = 219B6DD62C43E27000D78148 /* WorkoutPlanView.swift */; };
		21F195292C413062009BDF5E /* RMProgress.swift in Sources */ = {isa = PBXBuildFile; fileRef = 21F195282C413062009BDF5E /* RMProgress.swift */; };
		21F1952E2C416204009BDF5E /* RMCalculator.swift in Sources */ = {isa = PBXBuildFile; fileRef = 21F1952D2C416204009BDF5E /* RMCalculator.swift */; };
		81A7B6A32C3FE4740060A23E /* Reptor_NC3App.swift in Sources */ = {isa = PBXBuildFile; fileRef = 81A7B6A22C3FE4740060A23E /* Reptor_NC3App.swift */; };
		81A7B6A52C3FE4750060A23E /* ContentView.swift in Sources */ = {isa = PBXBuildFile; fileRef = 81A7B6A42C3FE4750060A23E /* ContentView.swift */; };
		81A7B6A72C3FE4760060A23E /* Assets.xcassets in Resources */ = {isa = PBXBuildFile; fileRef = 81A7B6A62C3FE4760060A23E /* Assets.xcassets */; };
		81A7B6AA2C3FE4760060A23E /* Preview Assets.xcassets in Resources */ = {isa = PBXBuildFile; fileRef = 81A7B6A92C3FE4760060A23E /* Preview Assets.xcassets */; };
		9AAF45AD2C41278F00B0110E /* History.swift in Sources */ = {isa = PBXBuildFile; fileRef = 9AAF45AC2C41278F00B0110E /* History.swift */; };
/* End PBXBuildFile section */

/* Begin PBXFileReference section */
		219B6DD62C43E27000D78148 /* WorkoutPlanView.swift */ = {isa = PBXFileReference; lastKnownFileType = sourcecode.swift; path = WorkoutPlanView.swift; sourceTree = "<group>"; };
		21F195282C413062009BDF5E /* RMProgress.swift */ = {isa = PBXFileReference; lastKnownFileType = sourcecode.swift; path = RMProgress.swift; sourceTree = "<group>"; };
		21F1952D2C416204009BDF5E /* RMCalculator.swift */ = {isa = PBXFileReference; lastKnownFileType = sourcecode.swift; path = RMCalculator.swift; sourceTree = "<group>"; };
		81A7B69F2C3FE4740060A23E /* Reptor-NC3.app */ = {isa = PBXFileReference; explicitFileType = wrapper.application; includeInIndex = 0; path = "Reptor-NC3.app"; sourceTree = BUILT_PRODUCTS_DIR; };
		81A7B6A22C3FE4740060A23E /* Reptor_NC3App.swift */ = {isa = PBXFileReference; lastKnownFileType = sourcecode.swift; path = Reptor_NC3App.swift; sourceTree = "<group>"; };
		81A7B6A42C3FE4750060A23E /* ContentView.swift */ = {isa = PBXFileReference; lastKnownFileType = sourcecode.swift; path = ContentView.swift; sourceTree = "<group>"; };
		81A7B6A62C3FE4760060A23E /* Assets.xcassets */ = {isa = PBXFileReference; lastKnownFileType = folder.assetcatalog; path = Assets.xcassets; sourceTree = "<group>"; };
		81A7B6A92C3FE4760060A23E /* Preview Assets.xcassets */ = {isa = PBXFileReference; lastKnownFileType = folder.assetcatalog; path = "Preview Assets.xcassets"; sourceTree = "<group>"; };
		9AAF45AC2C41278F00B0110E /* History.swift */ = {isa = PBXFileReference; lastKnownFileType = sourcecode.swift; path = History.swift; sourceTree = "<group>"; };
/* End PBXFileReference section */

/* Begin PBXFrameworksBuildPhase section */
		81A7B69C2C3FE4740060A23E /* Frameworks */ = {
			isa = PBXFrameworksBuildPhase;
			buildActionMask = 2147483647;
			files = (
			);
			runOnlyForDeploymentPostprocessing = 0;
		};
/* End PBXFrameworksBuildPhase section */

/* Begin PBXGroup section */
		219B6DD32C4162C100D78148 /* Views */ = {
			isa = PBXGroup;
			children = (
				81A7B6A22C3FE4740060A23E /* Reptor_NC3App.swift */,
				81A7B6A42C3FE4750060A23E /* ContentView.swift */,
				219B6DD62C43E27000D78148 /* WorkoutPlanView.swift */,
			);
			path = Views;
			sourceTree = "<group>";
		};
		219B6DD42C4162CF00D78148 /* Models */ = {
			isa = PBXGroup;
			children = (
				9AAF45AC2C41278F00B0110E /* History.swift */,
				21F195282C413062009BDF5E /* RMProgress.swift */,
			);
			path = Models;
			sourceTree = "<group>";
		};
		219B6DD52C4162D300D78148 /* ViewModels */ = {
			isa = PBXGroup;
			children = (
				21F1952D2C416204009BDF5E /* RMCalculator.swift */,
			);
			path = ViewModels;
			sourceTree = "<group>";
		};
		81A7B6962C3FE4740060A23E = {
			isa = PBXGroup;
			children = (
				81A7B6A12C3FE4740060A23E /* Reptor-NC3 */,
				81A7B6A02C3FE4740060A23E /* Products */,
			);
			sourceTree = "<group>";
		};
		81A7B6A02C3FE4740060A23E /* Products */ = {
			isa = PBXGroup;
			children = (
				81A7B69F2C3FE4740060A23E /* Reptor-NC3.app */,
			);
			name = Products;
			sourceTree = "<group>";
		};
		81A7B6A12C3FE4740060A23E /* Reptor-NC3 */ = {
			isa = PBXGroup;
			children = (
				219B6DD32C4162C100D78148 /* Views */,
				219B6DD42C4162CF00D78148 /* Models */,
				219B6DD52C4162D300D78148 /* ViewModels */,
				81A7B6A62C3FE4760060A23E /* Assets.xcassets */,
				81A7B6A82C3FE4760060A23E /* Preview Content */,
			);
			path = "Reptor-NC3";
			sourceTree = "<group>";
		};
		81A7B6A82C3FE4760060A23E /* Preview Content */ = {
			isa = PBXGroup;
			children = (
				81A7B6A92C3FE4760060A23E /* Preview Assets.xcassets */,
			);
			path = "Preview Content";
			sourceTree = "<group>";
		};
/* End PBXGroup section */

/* Begin PBXNativeTarget section */
		81A7B69E2C3FE4740060A23E /* Reptor-NC3 */ = {
			isa = PBXNativeTarget;
			buildConfigurationList = 81A7B6AD2C3FE4760060A23E /* Build configuration list for PBXNativeTarget "Reptor-NC3" */;
			buildPhases = (
				81A7B69B2C3FE4740060A23E /* Sources */,
				81A7B69C2C3FE4740060A23E /* Frameworks */,
				81A7B69D2C3FE4740060A23E /* Resources */,
			);
			buildRules = (
			);
			dependencies = (
			);
			name = "Reptor-NC3";
			productName = "Reptor-NC3";
			productReference = 81A7B69F2C3FE4740060A23E /* Reptor-NC3.app */;
			productType = "com.apple.product-type.application";
		};
/* End PBXNativeTarget section */

/* Begin PBXProject section */
		81A7B6972C3FE4740060A23E /* Project object */ = {
			isa = PBXProject;
			attributes = {
				BuildIndependentTargetsInParallel = 1;
				LastSwiftUpdateCheck = 1540;
				LastUpgradeCheck = 1540;
				TargetAttributes = {
					81A7B69E2C3FE4740060A23E = {
						CreatedOnToolsVersion = 15.4;
					};
				};
			};
			buildConfigurationList = 81A7B69A2C3FE4740060A23E /* Build configuration list for PBXProject "Reptor-NC3" */;
			compatibilityVersion = "Xcode 14.0";
			developmentRegion = en;
			hasScannedForEncodings = 0;
			knownRegions = (
				en,
				Base,
			);
			mainGroup = 81A7B6962C3FE4740060A23E;
			productRefGroup = 81A7B6A02C3FE4740060A23E /* Products */;
			projectDirPath = "";
			projectRoot = "";
			targets = (
				81A7B69E2C3FE4740060A23E /* Reptor-NC3 */,
			);
		};
/* End PBXProject section */

/* Begin PBXResourcesBuildPhase section */
		81A7B69D2C3FE4740060A23E /* Resources */ = {
			isa = PBXResourcesBuildPhase;
			buildActionMask = 2147483647;
			files = (
				81A7B6AA2C3FE4760060A23E /* Preview Assets.xcassets in Resources */,
				81A7B6A72C3FE4760060A23E /* Assets.xcassets in Resources */,
			);
			runOnlyForDeploymentPostprocessing = 0;
		};
/* End PBXResourcesBuildPhase section */

/* Begin PBXSourcesBuildPhase section */
		81A7B69B2C3FE4740060A23E /* Sources */ = {
			isa = PBXSourcesBuildPhase;
			buildActionMask = 2147483647;
			files = (
				9AAF45AD2C41278F00B0110E /* History.swift in Sources */,
				219B6DD72C43E27000D78148 /* WorkoutPlanView.swift in Sources */,
				81A7B6A52C3FE4750060A23E /* ContentView.swift in Sources */,
				81A7B6A32C3FE4740060A23E /* Reptor_NC3App.swift in Sources */,
				21F1952E2C416204009BDF5E /* RMCalculator.swift in Sources */,
				21F195292C413062009BDF5E /* RMProgress.swift in Sources */,
			);
			runOnlyForDeploymentPostprocessing = 0;
		};
/* End PBXSourcesBuildPhase section */

/* Begin XCBuildConfiguration section */
		81A7B6AB2C3FE4760060A23E /* Debug */ = {
			isa = XCBuildConfiguration;
			buildSettings = {
				ALWAYS_SEARCH_USER_PATHS = NO;
				ASSETCATALOG_COMPILER_GENERATE_SWIFT_ASSET_SYMBOL_EXTENSIONS = YES;
				CLANG_ANALYZER_NONNULL = YES;
				CLANG_ANALYZER_NUMBER_OBJECT_CONVERSION = YES_AGGRESSIVE;
				CLANG_CXX_LANGUAGE_STANDARD = "gnu++20";
				CLANG_ENABLE_MODULES = YES;
				CLANG_ENABLE_OBJC_ARC = YES;
				CLANG_ENABLE_OBJC_WEAK = YES;
				CLANG_WARN_BLOCK_CAPTURE_AUTORELEASING = YES;
				CLANG_WARN_BOOL_CONVERSION = YES;
				CLANG_WARN_COMMA = YES;
				CLANG_WARN_CONSTANT_CONVERSION = YES;
				CLANG_WARN_DEPRECATED_OBJC_IMPLEMENTATIONS = YES;
				CLANG_WARN_DIRECT_OBJC_ISA_USAGE = YES_ERROR;
				CLANG_WARN_DOCUMENTATION_COMMENTS = YES;
				CLANG_WARN_EMPTY_BODY = YES;
				CLANG_WARN_ENUM_CONVERSION = YES;
				CLANG_WARN_INFINITE_RECURSION = YES;
				CLANG_WARN_INT_CONVERSION = YES;
				CLANG_WARN_NON_LITERAL_NULL_CONVERSION = YES;
				CLANG_WARN_OBJC_IMPLICIT_RETAIN_SELF = YES;
				CLANG_WARN_OBJC_LITERAL_CONVERSION = YES;
				CLANG_WARN_OBJC_ROOT_CLASS = YES_ERROR;
				CLANG_WARN_QUOTED_INCLUDE_IN_FRAMEWORK_HEADER = YES;
				CLANG_WARN_RANGE_LOOP_ANALYSIS = YES;
				CLANG_WARN_STRICT_PROTOTYPES = YES;
				CLANG_WARN_SUSPICIOUS_MOVE = YES;
				CLANG_WARN_UNGUARDED_AVAILABILITY = YES_AGGRESSIVE;
				CLANG_WARN_UNREACHABLE_CODE = YES;
				CLANG_WARN__DUPLICATE_METHOD_MATCH = YES;
				COPY_PHASE_STRIP = NO;
				DEBUG_INFORMATION_FORMAT = dwarf;
				ENABLE_STRICT_OBJC_MSGSEND = YES;
				ENABLE_TESTABILITY = YES;
				ENABLE_USER_SCRIPT_SANDBOXING = YES;
				GCC_C_LANGUAGE_STANDARD = gnu17;
				GCC_DYNAMIC_NO_PIC = NO;
				GCC_NO_COMMON_BLOCKS = YES;
				GCC_OPTIMIZATION_LEVEL = 0;
				GCC_PREPROCESSOR_DEFINITIONS = (
					"DEBUG=1",
					"$(inherited)",
				);
				GCC_WARN_64_TO_32_BIT_CONVERSION = YES;
				GCC_WARN_ABOUT_RETURN_TYPE = YES_ERROR;
				GCC_WARN_UNDECLARED_SELECTOR = YES;
				GCC_WARN_UNINITIALIZED_AUTOS = YES_AGGRESSIVE;
				GCC_WARN_UNUSED_FUNCTION = YES;
				GCC_WARN_UNUSED_VARIABLE = YES;
				IPHONEOS_DEPLOYMENT_TARGET = 17.5;
				LOCALIZATION_PREFERS_STRING_CATALOGS = YES;
				MTL_ENABLE_DEBUG_INFO = INCLUDE_SOURCE;
				MTL_FAST_MATH = YES;
				ONLY_ACTIVE_ARCH = YES;
				SDKROOT = iphoneos;
				SWIFT_ACTIVE_COMPILATION_CONDITIONS = "DEBUG $(inherited)";
				SWIFT_OPTIMIZATION_LEVEL = "-Onone";
			};
			name = Debug;
		};
		81A7B6AC2C3FE4760060A23E /* Release */ = {
			isa = XCBuildConfiguration;
			buildSettings = {
				ALWAYS_SEARCH_USER_PATHS = NO;
				ASSETCATALOG_COMPILER_GENERATE_SWIFT_ASSET_SYMBOL_EXTENSIONS = YES;
				CLANG_ANALYZER_NONNULL = YES;
				CLANG_ANALYZER_NUMBER_OBJECT_CONVERSION = YES_AGGRESSIVE;
				CLANG_CXX_LANGUAGE_STANDARD = "gnu++20";
				CLANG_ENABLE_MODULES = YES;
				CLANG_ENABLE_OBJC_ARC = YES;
				CLANG_ENABLE_OBJC_WEAK = YES;
				CLANG_WARN_BLOCK_CAPTURE_AUTORELEASING = YES;
				CLANG_WARN_BOOL_CONVERSION = YES;
				CLANG_WARN_COMMA = YES;
				CLANG_WARN_CONSTANT_CONVERSION = YES;
				CLANG_WARN_DEPRECATED_OBJC_IMPLEMENTATIONS = YES;
				CLANG_WARN_DIRECT_OBJC_ISA_USAGE = YES_ERROR;
				CLANG_WARN_DOCUMENTATION_COMMENTS = YES;
				CLANG_WARN_EMPTY_BODY = YES;
				CLANG_WARN_ENUM_CONVERSION = YES;
				CLANG_WARN_INFINITE_RECURSION = YES;
				CLANG_WARN_INT_CONVERSION = YES;
				CLANG_WARN_NON_LITERAL_NULL_CONVERSION = YES;
				CLANG_WARN_OBJC_IMPLICIT_RETAIN_SELF = YES;
				CLANG_WARN_OBJC_LITERAL_CONVERSION = YES;
				CLANG_WARN_OBJC_ROOT_CLASS = YES_ERROR;
				CLANG_WARN_QUOTED_INCLUDE_IN_FRAMEWORK_HEADER = YES;
				CLANG_WARN_RANGE_LOOP_ANALYSIS = YES;
				CLANG_WARN_STRICT_PROTOTYPES = YES;
				CLANG_WARN_SUSPICIOUS_MOVE = YES;
				CLANG_WARN_UNGUARDED_AVAILABILITY = YES_AGGRESSIVE;
				CLANG_WARN_UNREACHABLE_CODE = YES;
				CLANG_WARN__DUPLICATE_METHOD_MATCH = YES;
				COPY_PHASE_STRIP = NO;
				DEBUG_INFORMATION_FORMAT = "dwarf-with-dsym";
				ENABLE_NS_ASSERTIONS = NO;
				ENABLE_STRICT_OBJC_MSGSEND = YES;
				ENABLE_USER_SCRIPT_SANDBOXING = YES;
				GCC_C_LANGUAGE_STANDARD = gnu17;
				GCC_NO_COMMON_BLOCKS = YES;
				GCC_WARN_64_TO_32_BIT_CONVERSION = YES;
				GCC_WARN_ABOUT_RETURN_TYPE = YES_ERROR;
				GCC_WARN_UNDECLARED_SELECTOR = YES;
				GCC_WARN_UNINITIALIZED_AUTOS = YES_AGGRESSIVE;
				GCC_WARN_UNUSED_FUNCTION = YES;
				GCC_WARN_UNUSED_VARIABLE = YES;
				IPHONEOS_DEPLOYMENT_TARGET = 17.5;
				LOCALIZATION_PREFERS_STRING_CATALOGS = YES;
				MTL_ENABLE_DEBUG_INFO = NO;
				MTL_FAST_MATH = YES;
				SDKROOT = iphoneos;
				SWIFT_COMPILATION_MODE = wholemodule;
				VALIDATE_PRODUCT = YES;
			};
			name = Release;
		};
		81A7B6AE2C3FE4760060A23E /* Debug */ = {
			isa = XCBuildConfiguration;
			buildSettings = {
				ASSETCATALOG_COMPILER_APPICON_NAME = AppIcon;
				ASSETCATALOG_COMPILER_GLOBAL_ACCENT_COLOR_NAME = AccentColor;
				CODE_SIGN_STYLE = Automatic;
				CURRENT_PROJECT_VERSION = 1;
				DEVELOPMENT_ASSET_PATHS = "\"Reptor-NC3/Preview Content\"";
				DEVELOPMENT_TEAM = H3779UJ6B2;
				ENABLE_PREVIEWS = YES;
				GENERATE_INFOPLIST_FILE = YES;
				INFOPLIST_KEY_UIApplicationSceneManifest_Generation = YES;
				INFOPLIST_KEY_UIApplicationSupportsIndirectInputEvents = YES;
				INFOPLIST_KEY_UILaunchScreen_Generation = YES;
				INFOPLIST_KEY_UISupportedInterfaceOrientations = UIInterfaceOrientationPortrait;
				LD_RUNPATH_SEARCH_PATHS = (
					"$(inherited)",
					"@executable_path/Frameworks",
				);
				MARKETING_VERSION = 1.0;
				PRODUCT_BUNDLE_IDENTIFIER = "Lele.Reptor-NC3";
				PRODUCT_NAME = "$(TARGET_NAME)";
				SWIFT_EMIT_LOC_STRINGS = YES;
				SWIFT_VERSION = 5.0;
				TARGETED_DEVICE_FAMILY = "1,2";
			};
			name = Debug;
		};
		81A7B6AF2C3FE4760060A23E /* Release */ = {
			isa = XCBuildConfiguration;
			buildSettings = {
				ASSETCATALOG_COMPILER_APPICON_NAME = AppIcon;
				ASSETCATALOG_COMPILER_GLOBAL_ACCENT_COLOR_NAME = AccentColor;
				CODE_SIGN_STYLE = Automatic;
				CURRENT_PROJECT_VERSION = 1;
				DEVELOPMENT_ASSET_PATHS = "\"Reptor-NC3/Preview Content\"";
				DEVELOPMENT_TEAM = H3779UJ6B2;
				ENABLE_PREVIEWS = YES;
				GENERATE_INFOPLIST_FILE = YES;
				INFOPLIST_KEY_UIApplicationSceneManifest_Generation = YES;
				INFOPLIST_KEY_UIApplicationSupportsIndirectInputEvents = YES;
				INFOPLIST_KEY_UILaunchScreen_Generation = YES;
				INFOPLIST_KEY_UISupportedInterfaceOrientations = UIInterfaceOrientationPortrait;
				LD_RUNPATH_SEARCH_PATHS = (
					"$(inherited)",
					"@executable_path/Frameworks",
				);
				MARKETING_VERSION = 1.0;
				PRODUCT_BUNDLE_IDENTIFIER = "Lele.Reptor-NC3";
				PRODUCT_NAME = "$(TARGET_NAME)";
				SWIFT_EMIT_LOC_STRINGS = YES;
				SWIFT_VERSION = 5.0;
				TARGETED_DEVICE_FAMILY = "1,2";
			};
			name = Release;
		};
/* End XCBuildConfiguration section */

/* Begin XCConfigurationList section */
		81A7B69A2C3FE4740060A23E /* Build configuration list for PBXProject "Reptor-NC3" */ = {
			isa = XCConfigurationList;
			buildConfigurations = (
				81A7B6AB2C3FE4760060A23E /* Debug */,
				81A7B6AC2C3FE4760060A23E /* Release */,
			);
			defaultConfigurationIsVisible = 0;
			defaultConfigurationName = Release;
		};
		81A7B6AD2C3FE4760060A23E /* Build configuration list for PBXNativeTarget "Reptor-NC3" */ = {
			isa = XCConfigurationList;
			buildConfigurations = (
				81A7B6AE2C3FE4760060A23E /* Debug */,
				81A7B6AF2C3FE4760060A23E /* Release */,
			);
			defaultConfigurationIsVisible = 0;
			defaultConfigurationName = Release;
		};
/* End XCConfigurationList section */
	};
	rootObject = 81A7B6972C3FE4740060A23E /* Project object */;
}
